// !$*UTF8*$!
{
	archiveVersion = 1;
	classes = {
	};
	objectVersion = 46;
	objects = {

/* Begin PBXBuildFile section */
		086ABE4C19460862005BCB36 /* Foundation.framework in Frameworks */ = {isa = PBXBuildFile; fileRef = 086ABE4B19460862005BCB36 /* Foundation.framework */; };
		086ABE4E19460862005BCB36 /* CoreGraphics.framework in Frameworks */ = {isa = PBXBuildFile; fileRef = 086ABE4D19460862005BCB36 /* CoreGraphics.framework */; };
		086ABE5019460862005BCB36 /* UIKit.framework in Frameworks */ = {isa = PBXBuildFile; fileRef = 086ABE4F19460862005BCB36 /* UIKit.framework */; };
		086ABE5619460862005BCB36 /* InfoPlist.strings in Resources */ = {isa = PBXBuildFile; fileRef = 086ABE5419460862005BCB36 /* InfoPlist.strings */; };
		086ABE5819460862005BCB36 /* main.m in Sources */ = {isa = PBXBuildFile; fileRef = 086ABE5719460862005BCB36 /* main.m */; };
		086ABE5C19460862005BCB36 /* UFLAppDelegate.m in Sources */ = {isa = PBXBuildFile; fileRef = 086ABE5B19460862005BCB36 /* UFLAppDelegate.m */; };
		086ABE5F19460862005BCB36 /* Main.storyboard in Resources */ = {isa = PBXBuildFile; fileRef = 086ABE5D19460862005BCB36 /* Main.storyboard */; };
		086ABE6219460862005BCB36 /* UFLViewController.m in Sources */ = {isa = PBXBuildFile; fileRef = 086ABE6119460862005BCB36 /* UFLViewController.m */; };
		086ABE6419460862005BCB36 /* Images.xcassets in Resources */ = {isa = PBXBuildFile; fileRef = 086ABE6319460862005BCB36 /* Images.xcassets */; };
		086ABE6B19460862005BCB36 /* XCTest.framework in Frameworks */ = {isa = PBXBuildFile; fileRef = 086ABE6A19460862005BCB36 /* XCTest.framework */; };
		086ABE6C19460862005BCB36 /* Foundation.framework in Frameworks */ = {isa = PBXBuildFile; fileRef = 086ABE4B19460862005BCB36 /* Foundation.framework */; };
		086ABE6D19460862005BCB36 /* UIKit.framework in Frameworks */ = {isa = PBXBuildFile; fileRef = 086ABE4F19460862005BCB36 /* UIKit.framework */; };
		086ABE7519460862005BCB36 /* InfoPlist.strings in Resources */ = {isa = PBXBuildFile; fileRef = 086ABE7319460862005BCB36 /* InfoPlist.strings */; };
		086ABE7719460862005BCB36 /* Modal_ExampleTests.m in Sources */ = {isa = PBXBuildFile; fileRef = 086ABE7619460862005BCB36 /* Modal_ExampleTests.m */; };
		086ABE8219460A04005BCB36 /* UFLDecalTableViewController.m in Sources */ = {isa = PBXBuildFile; fileRef = 086ABE8119460A04005BCB36 /* UFLDecalTableViewController.m */; };
		086ABE8519460A8A005BCB36 /* UFLKMLObject.m in Sources */ = {isa = PBXBuildFile; fileRef = 086ABE8419460A8A005BCB36 /* UFLKMLObject.m */; };
		086ABE8819460B80005BCB36 /* UFLKMLData.m in Sources */ = {isa = PBXBuildFile; fileRef = 086ABE8719460B80005BCB36 /* UFLKMLData.m */; };
/* End PBXBuildFile section */

/* Begin PBXContainerItemProxy section */
		086ABE6E19460862005BCB36 /* PBXContainerItemProxy */ = {
			isa = PBXContainerItemProxy;
			containerPortal = 086ABE4019460862005BCB36 /* Project object */;
			proxyType = 1;
			remoteGlobalIDString = 086ABE4719460862005BCB36;
			remoteInfo = "Modal Example";
		};
/* End PBXContainerItemProxy section */

/* Begin PBXFileReference section */
		086ABE4819460862005BCB36 /* Modal Example.app */ = {isa = PBXFileReference; explicitFileType = wrapper.application; includeInIndex = 0; path = "Modal Example.app"; sourceTree = BUILT_PRODUCTS_DIR; };
		086ABE4B19460862005BCB36 /* Foundation.framework */ = {isa = PBXFileReference; lastKnownFileType = wrapper.framework; name = Foundation.framework; path = System/Library/Frameworks/Foundation.framework; sourceTree = SDKROOT; };
		086ABE4D19460862005BCB36 /* CoreGraphics.framework */ = {isa = PBXFileReference; lastKnownFileType = wrapper.framework; name = CoreGraphics.framework; path = System/Library/Frameworks/CoreGraphics.framework; sourceTree = SDKROOT; };
		086ABE4F19460862005BCB36 /* UIKit.framework */ = {isa = PBXFileReference; lastKnownFileType = wrapper.framework; name = UIKit.framework; path = System/Library/Frameworks/UIKit.framework; sourceTree = SDKROOT; };
		086ABE5319460862005BCB36 /* Modal Example-Info.plist */ = {isa = PBXFileReference; lastKnownFileType = text.plist.xml; path = "Modal Example-Info.plist"; sourceTree = "<group>"; };
		086ABE5519460862005BCB36 /* en */ = {isa = PBXFileReference; lastKnownFileType = text.plist.strings; name = en; path = en.lproj/InfoPlist.strings; sourceTree = "<group>"; };
		086ABE5719460862005BCB36 /* main.m */ = {isa = PBXFileReference; lastKnownFileType = sourcecode.c.objc; path = main.m; sourceTree = "<group>"; };
		086ABE5919460862005BCB36 /* Modal Example-Prefix.pch */ = {isa = PBXFileReference; lastKnownFileType = sourcecode.c.h; path = "Modal Example-Prefix.pch"; sourceTree = "<group>"; };
		086ABE5A19460862005BCB36 /* UFLAppDelegate.h */ = {isa = PBXFileReference; lastKnownFileType = sourcecode.c.h; path = UFLAppDelegate.h; sourceTree = "<group>"; };
		086ABE5B19460862005BCB36 /* UFLAppDelegate.m */ = {isa = PBXFileReference; lastKnownFileType = sourcecode.c.objc; path = UFLAppDelegate.m; sourceTree = "<group>"; };
		086ABE5E19460862005BCB36 /* Base */ = {isa = PBXFileReference; lastKnownFileType = file.storyboard; name = Base; path = Base.lproj/Main.storyboard; sourceTree = "<group>"; };
		086ABE6019460862005BCB36 /* UFLViewController.h */ = {isa = PBXFileReference; lastKnownFileType = sourcecode.c.h; path = UFLViewController.h; sourceTree = "<group>"; };
		086ABE6119460862005BCB36 /* UFLViewController.m */ = {isa = PBXFileReference; lastKnownFileType = sourcecode.c.objc; path = UFLViewController.m; sourceTree = "<group>"; };
		086ABE6319460862005BCB36 /* Images.xcassets */ = {isa = PBXFileReference; lastKnownFileType = folder.assetcatalog; path = Images.xcassets; sourceTree = "<group>"; };
		086ABE6919460862005BCB36 /* Modal ExampleTests.xctest */ = {isa = PBXFileReference; explicitFileType = wrapper.cfbundle; includeInIndex = 0; path = "Modal ExampleTests.xctest"; sourceTree = BUILT_PRODUCTS_DIR; };
		086ABE6A19460862005BCB36 /* XCTest.framework */ = {isa = PBXFileReference; lastKnownFileType = wrapper.framework; name = XCTest.framework; path = Library/Frameworks/XCTest.framework; sourceTree = DEVELOPER_DIR; };
		086ABE7219460862005BCB36 /* Modal ExampleTests-Info.plist */ = {isa = PBXFileReference; lastKnownFileType = text.plist.xml; path = "Modal ExampleTests-Info.plist"; sourceTree = "<group>"; };
		086ABE7419460862005BCB36 /* en */ = {isa = PBXFileReference; lastKnownFileType = text.plist.strings; name = en; path = en.lproj/InfoPlist.strings; sourceTree = "<group>"; };
		086ABE7619460862005BCB36 /* Modal_ExampleTests.m */ = {isa = PBXFileReference; lastKnownFileType = sourcecode.c.objc; path = Modal_ExampleTests.m; sourceTree = "<group>"; };
		086ABE8019460A04005BCB36 /* UFLDecalTableViewController.h */ = {isa = PBXFileReference; fileEncoding = 4; lastKnownFileType = sourcecode.c.h; path = UFLDecalTableViewController.h; sourceTree = "<group>"; };
		086ABE8119460A04005BCB36 /* UFLDecalTableViewController.m */ = {isa = PBXFileReference; fileEncoding = 4; lastKnownFileType = sourcecode.c.objc; path = UFLDecalTableViewController.m; sourceTree = "<group>"; };
		086ABE8319460A8A005BCB36 /* UFLKMLObject.h */ = {isa = PBXFileReference; fileEncoding = 4; lastKnownFileType = sourcecode.c.h; path = UFLKMLObject.h; sourceTree = "<group>"; };
		086ABE8419460A8A005BCB36 /* UFLKMLObject.m */ = {isa = PBXFileReference; fileEncoding = 4; lastKnownFileType = sourcecode.c.objc; path = UFLKMLObject.m; sourceTree = "<group>"; };
		086ABE8619460B80005BCB36 /* UFLKMLData.h */ = {isa = PBXFileReference; fileEncoding = 4; lastKnownFileType = sourcecode.c.h; path = UFLKMLData.h; sourceTree = "<group>"; };
		086ABE8719460B80005BCB36 /* UFLKMLData.m */ = {isa = PBXFileReference; fileEncoding = 4; lastKnownFileType = sourcecode.c.objc; path = UFLKMLData.m; sourceTree = "<group>"; };
/* End PBXFileReference section */

/* Begin PBXFrameworksBuildPhase section */
		086ABE4519460862005BCB36 /* Frameworks */ = {
			isa = PBXFrameworksBuildPhase;
			buildActionMask = 2147483647;
			files = (
				086ABE4E19460862005BCB36 /* CoreGraphics.framework in Frameworks */,
				086ABE5019460862005BCB36 /* UIKit.framework in Frameworks */,
				086ABE4C19460862005BCB36 /* Foundation.framework in Frameworks */,
			);
			runOnlyForDeploymentPostprocessing = 0;
		};
		086ABE6619460862005BCB36 /* Frameworks */ = {
			isa = PBXFrameworksBuildPhase;
			buildActionMask = 2147483647;
			files = (
				086ABE6B19460862005BCB36 /* XCTest.framework in Frameworks */,
				086ABE6D19460862005BCB36 /* UIKit.framework in Frameworks */,
				086ABE6C19460862005BCB36 /* Foundation.framework in Frameworks */,
			);
			runOnlyForDeploymentPostprocessing = 0;
		};
/* End PBXFrameworksBuildPhase section */

/* Begin PBXGroup section */
		086ABE3F19460862005BCB36 = {
			isa = PBXGroup;
			children = (
				086ABE5119460862005BCB36 /* Modal Example */,
				086ABE7019460862005BCB36 /* Modal ExampleTests */,
				086ABE4A19460862005BCB36 /* Frameworks */,
				086ABE4919460862005BCB36 /* Products */,
			);
			sourceTree = "<group>";
		};
		086ABE4919460862005BCB36 /* Products */ = {
			isa = PBXGroup;
			children = (
				086ABE4819460862005BCB36 /* Modal Example.app */,
				086ABE6919460862005BCB36 /* Modal ExampleTests.xctest */,
			);
			name = Products;
			sourceTree = "<group>";
		};
		086ABE4A19460862005BCB36 /* Frameworks */ = {
			isa = PBXGroup;
			children = (
				086ABE4B19460862005BCB36 /* Foundation.framework */,
				086ABE4D19460862005BCB36 /* CoreGraphics.framework */,
				086ABE4F19460862005BCB36 /* UIKit.framework */,
				086ABE6A19460862005BCB36 /* XCTest.framework */,
			);
			name = Frameworks;
			sourceTree = "<group>";
		};
		086ABE5119460862005BCB36 /* Modal Example */ = {
			isa = PBXGroup;
			children = (
				086ABE5A19460862005BCB36 /* UFLAppDelegate.h */,
				086ABE5B19460862005BCB36 /* UFLAppDelegate.m */,
				086ABE5D19460862005BCB36 /* Main.storyboard */,
				086ABE8019460A04005BCB36 /* UFLDecalTableViewController.h */,
				086ABE8119460A04005BCB36 /* UFLDecalTableViewController.m */,
				086ABE8619460B80005BCB36 /* UFLKMLData.h */,
				086ABE8719460B80005BCB36 /* UFLKMLData.m */,
				086ABE8319460A8A005BCB36 /* UFLKMLObject.h */,
				086ABE8419460A8A005BCB36 /* UFLKMLObject.m */,
				086ABE6019460862005BCB36 /* UFLViewController.h */,
				086ABE6119460862005BCB36 /* UFLViewController.m */,
				086ABE6319460862005BCB36 /* Images.xcassets */,
				086ABE5219460862005BCB36 /* Supporting Files */,
			);
			path = "Modal Example";
			sourceTree = "<group>";
		};
		086ABE5219460862005BCB36 /* Supporting Files */ = {
			isa = PBXGroup;
			children = (
				086ABE5319460862005BCB36 /* Modal Example-Info.plist */,
				086ABE5419460862005BCB36 /* InfoPlist.strings */,
				086ABE5719460862005BCB36 /* main.m */,
				086ABE5919460862005BCB36 /* Modal Example-Prefix.pch */,
			);
			name = "Supporting Files";
			sourceTree = "<group>";
		};
		086ABE7019460862005BCB36 /* Modal ExampleTests */ = {
			isa = PBXGroup;
			children = (
				086ABE7619460862005BCB36 /* Modal_ExampleTests.m */,
				086ABE7119460862005BCB36 /* Supporting Files */,
			);
			path = "Modal ExampleTests";
			sourceTree = "<group>";
		};
		086ABE7119460862005BCB36 /* Supporting Files */ = {
			isa = PBXGroup;
			children = (
				086ABE7219460862005BCB36 /* Modal ExampleTests-Info.plist */,
				086ABE7319460862005BCB36 /* InfoPlist.strings */,
			);
			name = "Supporting Files";
			sourceTree = "<group>";
		};
/* End PBXGroup section */

/* Begin PBXNativeTarget section */
		086ABE4719460862005BCB36 /* Modal Example */ = {
			isa = PBXNativeTarget;
			buildConfigurationList = 086ABE7A19460862005BCB36 /* Build configuration list for PBXNativeTarget "Modal Example" */;
			buildPhases = (
				086ABE4419460862005BCB36 /* Sources */,
				086ABE4519460862005BCB36 /* Frameworks */,
				086ABE4619460862005BCB36 /* Resources */,
			);
			buildRules = (
			);
			dependencies = (
			);
			name = "Modal Example";
			productName = "Modal Example";
			productReference = 086ABE4819460862005BCB36 /* Modal Example.app */;
			productType = "com.apple.product-type.application";
		};
		086ABE6819460862005BCB36 /* Modal ExampleTests */ = {
			isa = PBXNativeTarget;
			buildConfigurationList = 086ABE7D19460862005BCB36 /* Build configuration list for PBXNativeTarget "Modal ExampleTests" */;
			buildPhases = (
				086ABE6519460862005BCB36 /* Sources */,
				086ABE6619460862005BCB36 /* Frameworks */,
				086ABE6719460862005BCB36 /* Resources */,
			);
			buildRules = (
			);
			dependencies = (
				086ABE6F19460862005BCB36 /* PBXTargetDependency */,
			);
			name = "Modal ExampleTests";
			productName = "Modal ExampleTests";
			productReference = 086ABE6919460862005BCB36 /* Modal ExampleTests.xctest */;
			productType = "com.apple.product-type.bundle.unit-test";
		};
/* End PBXNativeTarget section */

/* Begin PBXProject section */
		086ABE4019460862005BCB36 /* Project object */ = {
			isa = PBXProject;
			attributes = {
				CLASSPREFIX = UFL;
				LastUpgradeCheck = 0510;
				ORGANIZATIONNAME = "Prater, Jacob B";
				TargetAttributes = {
					086ABE6819460862005BCB36 = {
						TestTargetID = 086ABE4719460862005BCB36;
					};
				};
			};
			buildConfigurationList = 086ABE4319460862005BCB36 /* Build configuration list for PBXProject "Modal Example" */;
			compatibilityVersion = "Xcode 3.2";
			developmentRegion = English;
			hasScannedForEncodings = 0;
			knownRegions = (
				en,
				Base,
			);
			mainGroup = 086ABE3F19460862005BCB36;
			productRefGroup = 086ABE4919460862005BCB36 /* Products */;
			projectDirPath = "";
			projectRoot = "";
			targets = (
				086ABE4719460862005BCB36 /* Modal Example */,
				086ABE6819460862005BCB36 /* Modal ExampleTests */,
			);
		};
/* End PBXProject section */

/* Begin PBXResourcesBuildPhase section */
		086ABE4619460862005BCB36 /* Resources */ = {
			isa = PBXResourcesBuildPhase;
			buildActionMask = 2147483647;
			files = (
				086ABE6419460862005BCB36 /* Images.xcassets in Resources */,
				086ABE5619460862005BCB36 /* InfoPlist.strings in Resources */,
				086ABE5F19460862005BCB36 /* Main.storyboard in Resources */,
			);
			runOnlyForDeploymentPostprocessing = 0;
		};
		086ABE6719460862005BCB36 /* Resources */ = {
			isa = PBXResourcesBuildPhase;
			buildActionMask = 2147483647;
			files = (
				086ABE7519460862005BCB36 /* InfoPlist.strings in Resources */,
			);
			runOnlyForDeploymentPostprocessing = 0;
		};
/* End PBXResourcesBuildPhase section */

/* Begin PBXSourcesBuildPhase section */
		086ABE4419460862005BCB36 /* Sources */ = {
			isa = PBXSourcesBuildPhase;
			buildActionMask = 2147483647;
			files = (
				086ABE5C19460862005BCB36 /* UFLAppDelegate.m in Sources */,
				086ABE8519460A8A005BCB36 /* UFLKMLObject.m in Sources */,
				086ABE5819460862005BCB36 /* main.m in Sources */,
				086ABE6219460862005BCB36 /* UFLViewController.m in Sources */,
				086ABE8819460B80005BCB36 /* UFLKMLData.m in Sources */,
				086ABE8219460A04005BCB36 /* UFLDecalTableViewController.m in Sources */,
			);
			runOnlyForDeploymentPostprocessing = 0;
		};
		086ABE6519460862005BCB36 /* Sources */ = {
			isa = PBXSourcesBuildPhase;
			buildActionMask = 2147483647;
			files = (
				086ABE7719460862005BCB36 /* Modal_ExampleTests.m in Sources */,
			);
			runOnlyForDeploymentPostprocessing = 0;
		};
/* End PBXSourcesBuildPhase section */

/* Begin PBXTargetDependency section */
		086ABE6F19460862005BCB36 /* PBXTargetDependency */ = {
			isa = PBXTargetDependency;
			target = 086ABE4719460862005BCB36 /* Modal Example */;
			targetProxy = 086ABE6E19460862005BCB36 /* PBXContainerItemProxy */;
		};
/* End PBXTargetDependency section */

/* Begin PBXVariantGroup section */
		086ABE5419460862005BCB36 /* InfoPlist.strings */ = {
			isa = PBXVariantGroup;
			children = (
				086ABE5519460862005BCB36 /* en */,
			);
			name = InfoPlist.strings;
			sourceTree = "<group>";
		};
		086ABE5D19460862005BCB36 /* Main.storyboard */ = {
			isa = PBXVariantGroup;
			children = (
				086ABE5E19460862005BCB36 /* Base */,
			);
			name = Main.storyboard;
			sourceTree = "<group>";
		};
		086ABE7319460862005BCB36 /* InfoPlist.strings */ = {
			isa = PBXVariantGroup;
			children = (
				086ABE7419460862005BCB36 /* en */,
			);
			name = InfoPlist.strings;
			sourceTree = "<group>";
		};
/* End PBXVariantGroup section */

/* Begin XCBuildConfiguration section */
		086ABE7819460862005BCB36 /* Debug */ = {
			isa = XCBuildConfiguration;
			buildSettings = {
				ALWAYS_SEARCH_USER_PATHS = NO;
				CLANG_CXX_LANGUAGE_STANDARD = "gnu++0x";
				CLANG_CXX_LIBRARY = "libc++";
				CLANG_ENABLE_MODULES = YES;
				CLANG_ENABLE_OBJC_ARC = YES;
				CLANG_WARN_BOOL_CONVERSION = YES;
				CLANG_WARN_CONSTANT_CONVERSION = YES;
				CLANG_WARN_DIRECT_OBJC_ISA_USAGE = YES_ERROR;
				CLANG_WARN_EMPTY_BODY = YES;
				CLANG_WARN_ENUM_CONVERSION = YES;
				CLANG_WARN_INT_CONVERSION = YES;
				CLANG_WARN_OBJC_ROOT_CLASS = YES_ERROR;
				CLANG_WARN__DUPLICATE_METHOD_MATCH = YES;
				"CODE_SIGN_IDENTITY[sdk=iphoneos*]" = "iPhone Developer";
				COPY_PHASE_STRIP = NO;
				GCC_C_LANGUAGE_STANDARD = gnu99;
				GCC_DYNAMIC_NO_PIC = NO;
				GCC_OPTIMIZATION_LEVEL = 0;
				GCC_PREPROCESSOR_DEFINITIONS = (
					"DEBUG=1",
					"$(inherited)",
				);
				GCC_SYMBOLS_PRIVATE_EXTERN = NO;
				GCC_WARN_64_TO_32_BIT_CONVERSION = YES;
				GCC_WARN_ABOUT_RETURN_TYPE = YES_ERROR;
				GCC_WARN_UNDECLARED_SELECTOR = YES;
				GCC_WARN_UNINITIALIZED_AUTOS = YES_AGGRESSIVE;
				GCC_WARN_UNUSED_FUNCTION = YES;
				GCC_WARN_UNUSED_VARIABLE = YES;
				IPHONEOS_DEPLOYMENT_TARGET = 7.1;
				ONLY_ACTIVE_ARCH = YES;
				SDKROOT = iphoneos;
			};
			name = Debug;
		};
		086ABE7919460862005BCB36 /* Release */ = {
			isa = XCBuildConfiguration;
			buildSettings = {
				ALWAYS_SEARCH_USER_PATHS = NO;
				CLANG_CXX_LANGUAGE_STANDARD = "gnu++0x";
				CLANG_CXX_LIBRARY = "libc++";
				CLANG_ENABLE_MODULES = YES;
				CLANG_ENABLE_OBJC_ARC = YES;
				CLANG_WARN_BOOL_CONVERSION = YES;
				CLANG_WARN_CONSTANT_CONVERSION = YES;
				CLANG_WARN_DIRECT_OBJC_ISA_USAGE = YES_ERROR;
				CLANG_WARN_EMPTY_BODY = YES;
				CLANG_WARN_ENUM_CONVERSION = YES;
				CLANG_WARN_INT_CONVERSION = YES;
				CLANG_WARN_OBJC_ROOT_CLASS = YES_ERROR;
				CLANG_WARN__DUPLICATE_METHOD_MATCH = YES;
				"CODE_SIGN_IDENTITY[sdk=iphoneos*]" = "iPhone Developer";
				COPY_PHASE_STRIP = YES;
				ENABLE_NS_ASSERTIONS = NO;
				GCC_C_LANGUAGE_STANDARD = gnu99;
				GCC_WARN_64_TO_32_BIT_CONVERSION = YES;
				GCC_WARN_ABOUT_RETURN_TYPE = YES_ERROR;
				GCC_WARN_UNDECLARED_SELECTOR = YES;
				GCC_WARN_UNINITIALIZED_AUTOS = YES_AGGRESSIVE;
				GCC_WARN_UNUSED_FUNCTION = YES;
				GCC_WARN_UNUSED_VARIABLE = YES;
				IPHONEOS_DEPLOYMENT_TARGET = 7.1;
				SDKROOT = iphoneos;
				VALIDATE_PRODUCT = YES;
			};
			name = Release;
		};
		086ABE7B19460862005BCB36 /* Debug */ = {
			isa = XCBuildConfiguration;
			buildSettings = {
				ASSETCATALOG_COMPILER_APPICON_NAME = AppIcon;
				ASSETCATALOG_COMPILER_LAUNCHIMAGE_NAME = LaunchImage;
				GCC_PRECOMPILE_PREFIX_HEADER = YES;
				GCC_PREFIX_HEADER = "Modal Example/Modal Example-Prefix.pch";
				INFOPLIST_FILE = "Modal Example/Modal Example-Info.plist";
				PRODUCT_NAME = "$(TARGET_NAME)";
				WRAPPER_EXTENSION = app;
			};
			name = Debug;
		};
		086ABE7C19460862005BCB36 /* Release */ = {
			isa = XCBuildConfiguration;
			buildSettings = {
				ASSETCATALOG_COMPILER_APPICON_NAME = AppIcon;
				ASSETCATALOG_COMPILER_LAUNCHIMAGE_NAME = LaunchImage;
				GCC_PRECOMPILE_PREFIX_HEADER = YES;
				GCC_PREFIX_HEADER = "Modal Example/Modal Example-Prefix.pch";
				INFOPLIST_FILE = "Modal Example/Modal Example-Info.plist";
				PRODUCT_NAME = "$(TARGET_NAME)";
				WRAPPER_EXTENSION = app;
			};
			name = Release;
		};
		086ABE7E19460862005BCB36 /* Debug */ = {
			isa = XCBuildConfiguration;
			buildSettings = {
				BUNDLE_LOADER = "$(BUILT_PRODUCTS_DIR)/Modal Example.app/Modal Example";
				FRAMEWORK_SEARCH_PATHS = (
					"$(SDKROOT)/Developer/Library/Frameworks",
					"$(inherited)",
					"$(DEVELOPER_FRAMEWORKS_DIR)",
				);
				GCC_PRECOMPILE_PREFIX_HEADER = YES;
				GCC_PREFIX_HEADER = "Modal Example/Modal Example-Prefix.pch";
				GCC_PREPROCESSOR_DEFINITIONS = (
					"DEBUG=1",
					"$(inherited)",
				);
				INFOPLIST_FILE = "Modal ExampleTests/Modal ExampleTests-Info.plist";
				PRODUCT_NAME = "$(TARGET_NAME)";
				TEST_HOST = "$(BUNDLE_LOADER)";
				WRAPPER_EXTENSION = xctest;
			};
			name = Debug;
		};
		086ABE7F19460862005BCB36 /* Release */ = {
			isa = XCBuildConfiguration;
			buildSettings = {
				BUNDLE_LOADER = "$(BUILT_PRODUCTS_DIR)/Modal Example.app/Modal Example";
				FRAMEWORK_SEARCH_PATHS = (
					"$(SDKROOT)/Developer/Library/Frameworks",
					"$(inherited)",
					"$(DEVELOPER_FRAMEWORKS_DIR)",
				);
				GCC_PRECOMPILE_PREFIX_HEADER = YES;
				GCC_PREFIX_HEADER = "Modal Example/Modal Example-Prefix.pch";
				INFOPLIST_FILE = "Modal ExampleTests/Modal ExampleTests-Info.plist";
				PRODUCT_NAME = "$(TARGET_NAME)";
				TEST_HOST = "$(BUNDLE_LOADER)";
				WRAPPER_EXTENSION = xctest;
			};
			name = Release;
		};
/* End XCBuildConfiguration section */

/* Begin XCConfigurationList section */
		086ABE4319460862005BCB36 /* Build configuration list for PBXProject "Modal Example" */ = {
			isa = XCConfigurationList;
			buildConfigurations = (
				086ABE7819460862005BCB36 /* Debug */,
				086ABE7919460862005BCB36 /* Release */,
			);
			defaultConfigurationIsVisible = 0;
			defaultConfigurationName = Release;
		};
		086ABE7A19460862005BCB36 /* Build configuration list for PBXNativeTarget "Modal Example" */ = {
			isa = XCConfigurationList;
			buildConfigurations = (
				086ABE7B19460862005BCB36 /* Debug */,
				086ABE7C19460862005BCB36 /* Release */,
			);
			defaultConfigurationIsVisible = 0;
		};
		086ABE7D19460862005BCB36 /* Build configuration list for PBXNativeTarget "Modal ExampleTests" */ = {
			isa = XCConfigurationList;
			buildConfigurations = (
				086ABE7E19460862005BCB36 /* Debug */,
				086ABE7F19460862005BCB36 /* Release */,
			);
			defaultConfigurationIsVisible = 0;
		};
/* End XCConfigurationList section */
	};
	rootObject = 086ABE4019460862005BCB36 /* Project object */;
}
